
Microsoft Visual Studio Solution File, Format Version 11.00
# Visual Studio 2010
Project("{FAE04EC0-301F-11D3-BF4B-00C04F79EFBC}") = "AcceptanceTestDemo", "AcceptanceTestDemo\AcceptanceTestDemo.csproj", "{BB115DB7-BF37-4C72-8371-6E76590D6277}"
EndProject
Project("{FAE04EC0-301F-11D3-BF4B-00C04F79EFBC}") = "AcceptanceTestDemo.SpecFlow", "AcceptanceTestDemo.SpecFlow\AcceptanceTestDemo.SpecFlow.csproj", "{E6C3404A-FC97-40D1-A9E6-57A4B1EA9C2E}"
EndProject
Project("{FAE04EC0-301F-11D3-BF4B-00C04F79EFBC}") = "AcceptanceTestDemo.Fitnesse", "AcceptanceTestDemo.Fitnesse\AcceptanceTestDemo.Fitnesse.csproj", "{4B72C216-4CAC-4C44-9AA0-ADE7AB45DB1E}"
EndProject
Project("{FAE04EC0-301F-11D3-BF4B-00C04F79EFBC}") = "AcceptanceTestDemo.NUnitAcceptanceTests", "AcceptanceTestDemo.NUnitAcceptanceTests\AcceptanceTestDemo.NUnitAcceptanceTests.csproj", "{34D29BE9-5286-4BCA-9475-41A94C901766}"
EndProject
Global
	GlobalSection(SolutionConfigurationPlatforms) = preSolution
		Debug|Any CPU = Debug|Any CPU
		Release|Any CPU = Release|Any CPU
	EndGlobalSection
	GlobalSection(ProjectConfigurationPlatforms) = postSolution
		{BB115DB7-BF37-4C72-8371-6E76590D6277}.Debug|Any CPU.ActiveCfg = Debug|Any CPU
		{BB115DB7-BF37-4C72-8371-6E76590D6277}.Debug|Any CPU.Build.0 = Debug|Any CPU
		{BB115DB7-BF37-4C72-8371-6E76590D6277}.Release|Any CPU.ActiveCfg = Release|Any CPU
		{BB115DB7-BF37-4C72-8371-6E76590D6277}.Release|Any CPU.Build.0 = Release|Any CPU
		{E6C3404A-FC97-40D1-A9E6-57A4B1EA9C2E}.Debug|Any CPU.ActiveCfg = Debug|Any CPU
		{E6C3404A-FC97-40D1-A9E6-57A4B1EA9C2E}.Debug|Any CPU.Build.0 = Debug|Any CPU
		{E6C3404A-FC97-40D1-A9E6-57A4B1EA9C2E}.Release|Any CPU.ActiveCfg = Release|Any CPU
		{E6C3404A-FC97-40D1-A9E6-57A4B1EA9C2E}.Release|Any CPU.Build.0 = Release|Any CPU
		{4B72C216-4CAC-4C44-9AA0-ADE7AB45DB1E}.Debug|Any CPU.ActiveCfg = Debug|Any CPU
		{4B72C216-4CAC-4C44-9AA0-ADE7AB45DB1E}.Debug|Any CPU.Build.0 = Debug|Any CPU
		{4B72C216-4CAC-4C44-9AA0-ADE7AB45DB1E}.Release|Any CPU.ActiveCfg = Release|Any CPU
		{4B72C216-4CAC-4C44-9AA0-ADE7AB45DB1E}.Release|Any CPU.Build.0 = Release|Any CPU
		{34D29BE9-5286-4BCA-9475-41A94C901766}.Debug|Any CPU.ActiveCfg = Debug|Any CPU
		{34D29BE9-5286-4BCA-9475-41A94C901766}.Debug|Any CPU.Build.0 = Debug|Any CPU
		{34D29BE9-5286-4BCA-9475-41A94C901766}.Release|Any CPU.ActiveCfg = Release|Any CPU
		{34D29BE9-5286-4BCA-9475-41A94C901766}.Release|Any CPU.Build.0 = Release|Any CPU
	EndGlobalSection
	GlobalSection(SolutionProperties) = preSolution
		HideSolutionNode = FALSE
	EndGlobalSection
EndGlobal
